
Microsoft Visual Studio Solution File, Format Version 12.00
# Visual Studio Version 17
VisualStudioVersion = 17.7.34221.43
MinimumVisualStudioVersion = 10.0.40219.1
Project("{FAE04EC0-301F-11D3-BF4B-00C04F79EFBC}") = "KalendarProjekt", "KalendarProjekt\KalendarProjekt.csproj", "{CCA3BF97-A26C-4724-A57D-129C38836589}"
EndProject
Global
	GlobalSection(SolutionConfigurationPlatforms) = preSolution
		Debug|Any CPU = Debug|Any CPU
		Release|Any CPU = Release|Any CPU
	EndGlobalSection
	GlobalSection(ProjectConfigurationPlatforms) = postSolution
		{CCA3BF97-A26C-4724-A57D-129C38836589}.Debug|Any CPU.ActiveCfg = Debug|Any CPU
		{CCA3BF97-A26C-4724-A57D-129C38836589}.Debug|Any CPU.Build.0 = Debug|Any CPU
		{CCA3BF97-A26C-4724-A57D-129C38836589}.Debug|Any CPU.Deploy.0 = Debug|Any CPU
		{CCA3BF97-A26C-4724-A57D-129C38836589}.Release|Any CPU.ActiveCfg = Release|Any CPU
		{CCA3BF97-A26C-4724-A57D-129C38836589}.Release|Any CPU.Build.0 = Release|Any CPU
		{CCA3BF97-A26C-4724-A57D-129C38836589}.Release|Any CPU.Deploy.0 = Release|Any CPU
	EndGlobalSection
	GlobalSection(SolutionProperties) = preSolution
		HideSolutionNode = FALSE
	EndGlobalSection
	GlobalSection(ExtensibilityGlobals) = postSolution
		SolutionGuid = {D40B67A0-BA3D-44D3-8A5A-7D67B75915BA}
	EndGlobalSection
EndGlobal
